{
  "lockfileVersion": 1,
  "configVersion": 1,
  "workspaces": {
    "": {
      "name": "pommitlint-sync-preset",
      "dependencies": {
        "@commitlint/config-conventional": "20.5.0",
        "conventional-changelog-conventionalcommits": "9.3.1",
      },
    },
  },
  "packages": {
    "@commitlint/config-conventional": ["@commitlint/config-conventional@20.5.0", "", { "dependencies": { "@commitlint/types": "^20.5.0", "conventional-changelog-conventionalcommits": "^9.2.0" } }, "sha512-t3Ni88rFw1XMa4nZHgOKJ8fIAT9M2j5TnKyTqJzsxea7FUetlNdYFus9dz+MhIRZmc16P0PPyEfh6X2d/qw8SA=="],

    "@commitlint/types": ["@commitlint/types@20.5.0", "", { "dependencies": { "conventional-commits-parser": "^6.3.0", "picocolors": "^1.1.1" } }, "sha512-ZJoS8oSq2CAZEpc/YI9SulLrdiIyXeHb/OGqGrkUP6Q7YV+0ouNAa7GjqRdXeQPncHQIDz/jbCTlHScvYvO/gA=="],

    "@simple-libs/stream-utils": ["@simple-libs/stream-utils@1.2.0", "", {}, "sha512-KxXvfapcixpz6rVEB6HPjOUZT22yN6v0vI0urQSk1L8MlEWPDFCZkhw2xmkyoTGYeFw7tWTZd7e3lVzRZRN/EA=="],

    "array-ify": ["array-ify@1.0.0", "", {}, "sha512-c5AMf34bKdvPhQ7tBGhqkgKNUzMr4WUs+WDtC2ZUGOUncbxKMTvqxYctiseW3+L4bA8ec+GcZ6/A/FW4m8ukng=="],

    "compare-func": ["compare-func@2.0.0", "", { "dependencies": { "array-ify": "^1.0.0", "dot-prop": "^5.1.0" } }, "sha512-zHig5N+tPWARooBnb0Zx1MFcdfpyJrfTJ3Y5L+IFvUm8rM74hHz66z0gw0x4tijh5CorKkKUCnW82R2vmpeCRA=="],

    "conventional-changelog-conventionalcommits": ["conventional-changelog-conventionalcommits@9.3.1", "", { "dependencies": { "compare-func": "^2.0.0" } }, "sha512-dTYtpIacRpcZgrvBYvBfArMmK2xvIpv2TaxM0/ZI5CBtNUzvF2x0t15HsbRABWprS6UPmvj+PzHVjSx4qAVKyw=="],

    "conventional-commits-parser": ["conventional-commits-parser@6.4.0", "", { "dependencies": { "@simple-libs/stream-utils": "^1.2.0", "meow": "^13.0.0" }, "bin": { "conventional-commits-parser": "dist/cli/index.js" } }, "sha512-tvRg7FIBNlyPzjdG8wWRlPHQJJHI7DylhtRGeU9Lq+JuoPh5BKpPRX83ZdLrvXuOSu5Eo/e7SzOQhU4Hd2Miuw=="],

    "dot-prop": ["dot-prop@5.3.0", "", { "dependencies": { "is-obj": "^2.0.0" } }, "sha512-QM8q3zDe58hqUqjraQOmzZ1LIH9SWQJTlEKCH4kJ2oQvLZk7RbQXvtDM2XEq3fwkV9CCvvH4LA0AV+ogFsBM2Q=="],

    "is-obj": ["is-obj@2.0.0", "", {}, "sha512-drqDG3cbczxxEJRoOXcOjtdp1J/lyp1mNn0xaznRs8+muBhgQcrnbspox5X5fOw0HnMnbfDzvnEMEtqDEJEo8w=="],

    "meow": ["meow@13.2.0", "", {}, "sha512-pxQJQzB6djGPXh08dacEloMFopsOqGVRKFPYvPOt9XDZ1HasbgDZA74CJGreSU4G3Ak7EFJGoiH2auq+yXISgA=="],

    "picocolors": ["picocolors@1.1.1", "", {}, "sha512-xceH2snhtb5M9liqDsmEw56le376mTZkEX/jEb/RxNFyegNul7eNslCXP9FDj/Lcu0X8KEyMceP2ntpaHrDEVA=="],
  }
}
