{
  "lockfileVersion": 1,
  "configVersion": 1,
  "workspaces": {
    "": {
      "name": "pommitlint-compat-check",
      "dependencies": {
        "@commitlint/config-conventional": "21.2.3",
        "@commitlint/is-ignored": "21.2.3",
        "@commitlint/lint": "21.2.3",
        "conventional-changelog-conventionalcommits": "9.3.1",
      },
    },
  },
  "packages": {
    "@commitlint/config-conventional": ["@commitlint/config-conventional@21.2.3", "", { "dependencies": { "@commitlint/types": "^21.2.3", "conventional-changelog-conventionalcommits": "^10.0.0" } }, "sha512-EP2n5DN2GwRWNVrLX0Jx3mpQlW5PfFi9HnD9OJ8hN/H0xFqpCFyHeGDhg+0P8/21iMMcdkcQgbNqmVklebqYsQ=="],

    "@commitlint/ensure": ["@commitlint/ensure@21.2.3", "", { "dependencies": { "@commitlint/types": "^21.2.3", "es-toolkit": "^1.46.0" } }, "sha512-gEjNKgRocbODI5/sMx2Qc9XOf2/zFTNV2aEK1QZ4gKDKxDC/VR7us3QtIX1C5d5xxHxx0I/tEbYbdSP1Am2LwA=="],

    "@commitlint/is-ignored": ["@commitlint/is-ignored@21.2.3", "", { "dependencies": { "@commitlint/types": "^21.2.3", "semver": "^7.6.0" } }, "sha512-Ng4nRj/LBAOvc+GQu7bsFW4/fL89LvZ14OOC/ERLbUpnG6QBwWRzY/1oXGwPs3C8YHWjJObin4kLYo2YeEn70w=="],

    "@commitlint/lint": ["@commitlint/lint@21.2.3", "", { "dependencies": { "@commitlint/is-ignored": "^21.2.3", "@commitlint/parse": "^21.2.3", "@commitlint/rules": "^21.2.3", "@commitlint/types": "^21.2.3" } }, "sha512-lUZcSuVLLEDkhge9ERk8Rp+FXQtrUhCK+h328BFnzKXrTuXGdqiYMEpTlNWdZaOrjyMhMJaz354ZaWEGJxcLeg=="],

    "@commitlint/message": ["@commitlint/message@21.2.0", "", {}, "sha512-YxGoiXD/HXNXLJPrQwE5poXa+XH0CBEm+mdvbHQP0g6MV/dmJyUFCzPNzZbxL93GvZ70TmtTK0Z0/IBpAqHv8g=="],

    "@commitlint/parse": ["@commitlint/parse@21.2.3", "", { "dependencies": { "@commitlint/types": "^21.2.3", "conventional-changelog-angular": "^9.0.0", "conventional-commits-parser": "^7.0.0" } }, "sha512-Jt61QpF1xA88damCELe8I0FlDZPSpXNc8IhN7z5kZ0EcDYPjdZ+ZHPvsSXl69r2MIlLnNKeHhOn2cmVpziFE9w=="],

    "@commitlint/rules": ["@commitlint/rules@21.2.3", "", { "dependencies": { "@commitlint/ensure": "^21.2.3", "@commitlint/message": "^21.2.0", "@commitlint/to-lines": "^21.0.1", "@commitlint/types": "^21.2.3" } }, "sha512-5+YnI/LuTx3JDl9GjqfP2z9x96M8KKDrd+4jOel/T0L1BB3oAmBlSN8xppf63QsudiVEgR8C0gRoAMrPVrms6g=="],

    "@commitlint/to-lines": ["@commitlint/to-lines@21.0.1", "", {}, "sha512-bd1BFII7p1EQZre9Kaj+kKaMFP3cFCdt21K7DItVux9XP5WjLgJ0/Uy1pJJh9aPwVJ6SKg62PxqlZaHI8hQAXw=="],

    "@commitlint/types": ["@commitlint/types@21.2.3", "", { "dependencies": { "conventional-commits-parser": "^7.0.0", "picocolors": "^1.1.1" } }, "sha512-sGEA473TlCvhCGNoTBY9OXZVWdscIXdGt0dm8EpB+2MRfmt8LNh/X56P/T3nCtEB+eH5qGEa3odphSAoUxSfSQ=="],

    "@conventional-changelog/template": ["@conventional-changelog/template@1.2.0", "", {}, "sha512-12qHxvlKjHmP0PQ+17EREgC7lWyLwbph1RKcZQZ7k7ZWGmrxfxC9gadHGfvzr0g0u8BhiBGg3tks93txodlyRQ=="],

    "@simple-libs/stream-utils": ["@simple-libs/stream-utils@2.0.0", "", {}, "sha512-fCTuZK4QBa+39Oz9l4OGfJfz+GpwCp3AqO7Zch3to99xHPgstVsRFpeQ8LNd2o1Gv8raL2mCFwiaHh7bFSp5DQ=="],

    "array-ify": ["array-ify@1.0.0", "", {}, "sha512-c5AMf34bKdvPhQ7tBGhqkgKNUzMr4WUs+WDtC2ZUGOUncbxKMTvqxYctiseW3+L4bA8ec+GcZ6/A/FW4m8ukng=="],

    "compare-func": ["compare-func@2.0.0", "", { "dependencies": { "array-ify": "^1.0.0", "dot-prop": "^5.1.0" } }, "sha512-zHig5N+tPWARooBnb0Zx1MFcdfpyJrfTJ3Y5L+IFvUm8rM74hHz66z0gw0x4tijh5CorKkKUCnW82R2vmpeCRA=="],

    "conventional-changelog-angular": ["conventional-changelog-angular@9.2.0", "", { "dependencies": { "@conventional-changelog/template": "^1.2.0" } }, "sha512-2EihZvM1KmbBGwuUow8lNXLe+ECRFsyOcV8X0197/WI7Rvvgfi55Oicfw0wxJTXGGIVXSfj+xBoNj+cxLlIiVw=="],

    "conventional-changelog-conventionalcommits": ["conventional-changelog-conventionalcommits@9.3.1", "", { "dependencies": { "compare-func": "^2.0.0" } }, "sha512-dTYtpIacRpcZgrvBYvBfArMmK2xvIpv2TaxM0/ZI5CBtNUzvF2x0t15HsbRABWprS6UPmvj+PzHVjSx4qAVKyw=="],

    "conventional-commits-parser": ["conventional-commits-parser@7.0.0", "", { "dependencies": { "@simple-libs/stream-utils": "^2.0.0", "meow": "^14.0.0" }, "bin": { "conventional-commits-parser": "./dist/cli/index.js" } }, "sha512-dZe/p+FgGQLNJFqaCgNdl8j6a7gI8xuaN30Wy5g7nvyK3jqOpNUEUZ3pGJ5D68h89uRh038FtkeOk/bnGmYkmg=="],

    "dot-prop": ["dot-prop@5.3.0", "", { "dependencies": { "is-obj": "^2.0.0" } }, "sha512-QM8q3zDe58hqUqjraQOmzZ1LIH9SWQJTlEKCH4kJ2oQvLZk7RbQXvtDM2XEq3fwkV9CCvvH4LA0AV+ogFsBM2Q=="],

    "es-toolkit": ["es-toolkit@1.46.1", "", {}, "sha512-5eNtXOs3tbfxXOj04tjjseeWkRWaoCjdEI+96DgwzZoe6c9juL49pXlzAFTI72aWC9Y8p7168g6XIKjh7k6pyQ=="],

    "is-obj": ["is-obj@2.0.0", "", {}, "sha512-drqDG3cbczxxEJRoOXcOjtdp1J/lyp1mNn0xaznRs8+muBhgQcrnbspox5X5fOw0HnMnbfDzvnEMEtqDEJEo8w=="],

    "meow": ["meow@14.1.0", "", {}, "sha512-EDYo6VlmtnumlcBCbh1gLJ//9jvM/ndXHfVXIFrZVr6fGcwTUyCTFNTLCKuY3ffbK8L/+3Mzqnd58RojiZqHVw=="],

    "picocolors": ["picocolors@1.1.1", "", {}, "sha512-xceH2snhtb5M9liqDsmEw56le376mTZkEX/jEb/RxNFyegNul7eNslCXP9FDj/Lcu0X8KEyMceP2ntpaHrDEVA=="],

    "semver": ["semver@7.8.0", "", { "bin": { "semver": "bin/semver.js" } }, "sha512-AcM7dV/5ul4EekoQ29Agm5vri8JNqRyj39o0qpX6vDF2GZrtutZl5RwgD1XnZjiTAfncsJhMI48QQH3sN87YNA=="],

    "@commitlint/config-conventional/conventional-changelog-conventionalcommits": ["conventional-changelog-conventionalcommits@10.2.0", "", { "dependencies": { "@conventional-changelog/template": "^1.2.0" } }, "sha512-UtlM9GqolY7OmlQh5L/UEVoKsTUpTgUVy1PU8JN5gl5Ydaejb7WRklGliG1SKPxxj7hzA173eG3Kt5fYWE2pmg=="],
  }
}
